
Microsoft Visual Studio Solution File, Format Version 12.00
# Visual Studio Version 17
VisualStudioVersion = 17.5.33627.172
MinimumVisualStudioVersion = 10.0.40219.1
Project("{9A19103F-16F7-4668-BE54-9A1E7A4F7556}") = "MyFitnessCompanion", "MyFitnessCompanion\MyFitnessCompanion.csproj", "{465D527A-1E9C-4AD6-B241-AA2A9EA0CF10}"
EndProject
Project("{2150E333-8FDC-42A3-9474-1A3956D46DE8}") = "Solution Items", "Solution Items", "{C2AFBB00-4BB6-4721-BFA7-FC76E9C28AC3}"
	ProjectSection(SolutionItems) = preProject
		.editorconfig = .editorconfig
	EndProjectSection
EndProject
Global
	GlobalSection(SolutionConfigurationPlatforms) = preSolution
		Debug|Any CPU = Debug|Any CPU
		Release|Any CPU = Release|Any CPU
	EndGlobalSection
	GlobalSection(ProjectConfigurationPlatforms) = postSolution
		{465D527A-1E9C-4AD6-B241-AA2A9EA0CF10}.Debug|Any CPU.ActiveCfg = Debug|Any CPU
		{465D527A-1E9C-4AD6-B241-AA2A9EA0CF10}.Debug|Any CPU.Build.0 = Debug|Any CPU
		{465D527A-1E9C-4AD6-B241-AA2A9EA0CF10}.Release|Any CPU.ActiveCfg = Release|Any CPU
		{465D527A-1E9C-4AD6-B241-AA2A9EA0CF10}.Release|Any CPU.Build.0 = Release|Any CPU
	EndGlobalSection
	GlobalSection(SolutionProperties) = preSolution
		HideSolutionNode = FALSE
	EndGlobalSection
	GlobalSection(ExtensibilityGlobals) = postSolution
		SolutionGuid = {1F607A84-65D8-4106-80A0-9CFF25D22BA7}
	EndGlobalSection
EndGlobal
